
Microsoft Visual Studio Solution File, Format Version 12.00
# Visual Studio 14
VisualStudioVersion = 14.0.23107.0
MinimumVisualStudioVersion = 10.0.40219.1
Project("{FAE04EC0-301F-11D3-BF4B-00C04F79EFBC}") = "ShutItDown", "ShutItDown\ShutItDown.csproj", "{5914F8C2-D154-4B9B-AB64-4481F6B52D47}"
EndProject
Global
	GlobalSection(SolutionConfigurationPlatforms) = preSolution
		Debug|Any CPU = Debug|Any CPU
		Release|Any CPU = Release|Any CPU
	EndGlobalSection
	GlobalSection(ProjectConfigurationPlatforms) = postSolution
		{5914F8C2-D154-4B9B-AB64-4481F6B52D47}.Debug|Any CPU.ActiveCfg = Debug|Any CPU
		{5914F8C2-D154-4B9B-AB64-4481F6B52D47}.Debug|Any CPU.Build.0 = Debug|Any CPU
		{5914F8C2-D154-4B9B-AB64-4481F6B52D47}.Release|Any CPU.ActiveCfg = Release|Any CPU
		{5914F8C2-D154-4B9B-AB64-4481F6B52D47}.Release|Any CPU.Build.0 = Release|Any CPU
	EndGlobalSection
	GlobalSection(SolutionProperties) = preSolution
		HideSolutionNode = FALSE
	EndGlobalSection
EndGlobal
